
Microsoft Visual Studio Solution File, Format Version 12.00
# Visual Studio Version 17
VisualStudioVersion = 17.13.35919.96 d17.13
MinimumVisualStudioVersion = 10.0.40219.1
Project("{FAE04EC0-301F-11D3-BF4B-00C04F79EFBC}") = "Exporting_Stream", "Exporting_Stream.csproj", "{EB1D08E0-38F1-45CF-9180-C6A62E8C0C86}"
EndProject
Global
	GlobalSection(SolutionConfigurationPlatforms) = preSolution
		Debug|Any CPU = Debug|Any CPU
		Release|Any CPU = Release|Any CPU
	EndGlobalSection
	GlobalSection(ProjectConfigurationPlatforms) = postSolution
		{EB1D08E0-38F1-45CF-9180-C6A62E8C0C86}.Debug|Any CPU.ActiveCfg = Debug|Any CPU
		{EB1D08E0-38F1-45CF-9180-C6A62E8C0C86}.Debug|Any CPU.Build.0 = Debug|Any CPU
		{EB1D08E0-38F1-45CF-9180-C6A62E8C0C86}.Release|Any CPU.ActiveCfg = Release|Any CPU
		{EB1D08E0-38F1-45CF-9180-C6A62E8C0C86}.Release|Any CPU.Build.0 = Release|Any CPU
	EndGlobalSection
	GlobalSection(SolutionProperties) = preSolution
		HideSolutionNode = FALSE
	EndGlobalSection
	GlobalSection(ExtensibilityGlobals) = postSolution
		SolutionGuid = {734B7EE1-C3A5-434A-A773-DD958BFABA26}
	EndGlobalSection
EndGlobal
